{
  "name": "register-github-app-cli",
  "version": "0.0.0-development",
  "lockfileVersion": 3,
  "requires": true,
  "packages": {
    "": {
      "name": "register-github-app-cli",
      "version": "0.0.0-development",
      "license": "ISC",
      "dependencies": {
        "js-yaml": "^4.1.0",
        "meow": "^13.2.0",
        "register-github-app": "^2.0.1"
      },
      "bin": {
        "register-github-app-cli": "register-github-app-cli.js"
      },
      "devDependencies": {
        "prettier": "^3.2.5"
      }
    },
    "node_modules/@octokit/endpoint": {
      "version": "10.1.0",
      "resolved": "https://registry.npmjs.org/@octokit/endpoint/-/endpoint-10.1.0.tgz",
      "integrity": "sha512-ogZ5uLMeGBZUzS32fNt9j+dNw3kkEn5CSw4CVkN1EvCNdFYWrQ5diQR6Hh52VrPR0oayIoYTqQFL/l8RqkV0qw==",
      "dependencies": {
        "@octokit/types": "^13.0.0",
        "universal-user-agent": "^7.0.2"
      },
      "engines": {
        "node": ">= 18"
      }
    },
    "node_modules/@octokit/endpoint/node_modules/@octokit/openapi-types": {
      "version": "22.0.0",
      "resolved": "https://registry.npmjs.org/@octokit/openapi-types/-/openapi-types-22.0.0.tgz",
      "integrity": "sha512-kWzSxSIBjCtwrT8/O/A/nrSjmHvR5I9GGTHPyBU19VuEae+QZfaPnnfLwXgV56n51xHN3U2dYy8zh/kO9/39ig=="
    },
    "node_modules/@octokit/endpoint/node_modules/@octokit/types": {
      "version": "13.2.0",
      "resolved": "https://registry.npmjs.org/@octokit/types/-/types-13.2.0.tgz",
      "integrity": "sha512-K4rpfbIQLe4UimS/PWZAcImhZUC80lhe2f1NpAaaTulPJXv54QIAFFCQEEbdQdqTV/745QDmdvp8NI49LaI00A==",
      "dependencies": {
        "@octokit/openapi-types": "^22.0.0"
      }
    },
    "node_modules/@octokit/openapi-types": {
      "version": "20.0.0",
      "resolved": "https://registry.npmjs.org/@octokit/openapi-types/-/openapi-types-20.0.0.tgz",
      "integrity": "sha512-EtqRBEjp1dL/15V7WiX5LJMIxxkdiGJnabzYx5Apx4FkQIFgAfKumXeYAqqJCj1s+BMX4cPFIFC4OLCR6stlnA=="
    },
    "node_modules/@octokit/request": {
      "version": "9.0.1",
      "resolved": "https://registry.npmjs.org/@octokit/request/-/request-9.0.1.tgz",
      "integrity": "sha512-kL+cAcbSl3dctYLuJmLfx6Iku2MXXy0jszhaEIjQNaCp4zjHXrhVAHeuaRdNvJjW9qjl3u1MJ72+OuBP0YW/pg==",
      "dependencies": {
        "@octokit/endpoint": "^10.0.0",
        "@octokit/request-error": "^6.0.1",
        "@octokit/types": "^12.0.0",
        "universal-user-agent": "^7.0.2"
      },
      "engines": {
        "node": ">= 18"
      }
    },
    "node_modules/@octokit/request-error": {
      "version": "6.1.0",
      "resolved": "https://registry.npmjs.org/@octokit/request-error/-/request-error-6.1.0.tgz",
      "integrity": "sha512-xcLJv4IgfWIOEEVZwfhUN3yHNWJL0AMw1J1Ba8BofM9RdDTbapg6MO4zNxlPS4XXX9aAIsbDRa47K57EhgeVAw==",
      "dependencies": {
        "@octokit/types": "^13.0.0"
      },
      "engines": {
        "node": ">= 18"
      }
    },
    "node_modules/@octokit/request-error/node_modules/@octokit/openapi-types": {
      "version": "22.0.0",
      "resolved": "https://registry.npmjs.org/@octokit/openapi-types/-/openapi-types-22.0.0.tgz",
      "integrity": "sha512-kWzSxSIBjCtwrT8/O/A/nrSjmHvR5I9GGTHPyBU19VuEae+QZfaPnnfLwXgV56n51xHN3U2dYy8zh/kO9/39ig=="
    },
    "node_modules/@octokit/request-error/node_modules/@octokit/types": {
      "version": "13.2.0",
      "resolved": "https://registry.npmjs.org/@octokit/types/-/types-13.2.0.tgz",
      "integrity": "sha512-K4rpfbIQLe4UimS/PWZAcImhZUC80lhe2f1NpAaaTulPJXv54QIAFFCQEEbdQdqTV/745QDmdvp8NI49LaI00A==",
      "dependencies": {
        "@octokit/openapi-types": "^22.0.0"
      }
    },
    "node_modules/@octokit/types": {
      "version": "12.6.0",
      "resolved": "https://registry.npmjs.org/@octokit/types/-/types-12.6.0.tgz",
      "integrity": "sha512-1rhSOfRa6H9w4YwK0yrf5faDaDTb+yLyBUKOCV4xtCDB5VmIPqd/v9yr9o6SAzOAlRxMiRiCic6JVM1/kunVkw==",
      "dependencies": {
        "@octokit/openapi-types": "^20.0.0"
      }
    },
    "node_modules/argparse": {
      "version": "2.0.1",
      "resolved": "https://registry.npmjs.org/argparse/-/argparse-2.0.1.tgz",
      "integrity": "sha512-8+9WqebbFzpX9OR+Wa6O29asIogeRMzcGtAINdpMHHyAg10f05aSFVBbcEqGf/PXw1EjAZ+q2/bEBg3DvurK3Q=="
    },
    "node_modules/js-yaml": {
      "version": "4.1.0",
      "resolved": "https://registry.npmjs.org/js-yaml/-/js-yaml-4.1.0.tgz",
      "integrity": "sha512-wpxZs9NoxZaJESJGIZTyDEaYpl0FKSA+FB9aJiyemKhMwkxQg63h4T1KJgUGHpTqPDNRcmmYLugrRjJlBtWvRA==",
      "dependencies": {
        "argparse": "^2.0.1"
      },
      "bin": {
        "js-yaml": "bin/js-yaml.js"
      }
    },
    "node_modules/meow": {
      "version": "13.2.0",
      "resolved": "https://registry.npmjs.org/meow/-/meow-13.2.0.tgz",
      "integrity": "sha512-pxQJQzB6djGPXh08dacEloMFopsOqGVRKFPYvPOt9XDZ1HasbgDZA74CJGreSU4G3Ak7EFJGoiH2auq+yXISgA==",
      "engines": {
        "node": ">=18"
      },
      "funding": {
        "url": "https://github.com/sponsors/sindresorhus"
      }
    },
    "node_modules/prettier": {
      "version": "3.2.5",
      "resolved": "https://registry.npmjs.org/prettier/-/prettier-3.2.5.tgz",
      "integrity": "sha512-3/GWa9aOC0YeD7LUfvOG2NiDyhOWRvt1k+rcKhOuYnMY24iiCphgneUfJDyFXd6rZCAnuLBv6UeAULtrhT/F4A==",
      "dev": true,
      "bin": {
        "prettier": "bin/prettier.cjs"
      },
      "engines": {
        "node": ">=14"
      },
      "funding": {
        "url": "https://github.com/prettier/prettier?sponsor=1"
      }
    },
    "node_modules/register-github-app": {
      "version": "2.0.1",
      "resolved": "https://registry.npmjs.org/register-github-app/-/register-github-app-2.0.1.tgz",
      "integrity": "sha512-A5DNnW+qkuLq8D8Cu/szy2FvlagdBM/xdUsgLpY9NjtO6RsMI+q1gkgQzVvpwvLoUPkESWj3T6TBzOvk6u3TiQ==",
      "dependencies": {
        "@octokit/request": "^9.0.1"
      }
    },
    "node_modules/universal-user-agent": {
      "version": "7.0.2",
      "resolved": "https://registry.npmjs.org/universal-user-agent/-/universal-user-agent-7.0.2.tgz",
      "integrity": "sha512-0JCqzSKnStlRRQfCdowvqy3cy0Dvtlb8xecj/H8JFZuCze4rwjPZQOgvFvn0Ws/usCHQFGpyr+pB9adaGwXn4Q=="
    }
  }
}
